
Microsoft Visual Studio Solution File, Format Version 12.00
# Visual Studio Version 16
VisualStudioVersion = 16.0.29728.190
MinimumVisualStudioVersion = 10.0.40219.1
Project("{FAE04EC0-301F-11D3-BF4B-00C04F79EFBC}") = "Humber College", "Humber College\Humber College.csproj", "{3C7B4C7B-C6EB-4A92-853A-1251C5006E38}"
EndProject
Global
	GlobalSection(SolutionConfigurationPlatforms) = preSolution
		Debug|Any CPU = Debug|Any CPU
		Release|Any CPU = Release|Any CPU
	EndGlobalSection
	GlobalSection(ProjectConfigurationPlatforms) = postSolution
		{3C7B4C7B-C6EB-4A92-853A-1251C5006E38}.Debug|Any CPU.ActiveCfg = Debug|Any CPU
		{3C7B4C7B-C6EB-4A92-853A-1251C5006E38}.Debug|Any CPU.Build.0 = Debug|Any CPU
		{3C7B4C7B-C6EB-4A92-853A-1251C5006E38}.Release|Any CPU.ActiveCfg = Release|Any CPU
		{3C7B4C7B-C6EB-4A92-853A-1251C5006E38}.Release|Any CPU.Build.0 = Release|Any CPU
	EndGlobalSection
	GlobalSection(SolutionProperties) = preSolution
		HideSolutionNode = FALSE
	EndGlobalSection
	GlobalSection(ExtensibilityGlobals) = postSolution
		SolutionGuid = {9E2C5834-79DE-47E0-968D-53EB20CB2737}
	EndGlobalSection
EndGlobal
